
Microsoft Visual Studio Solution File, Format Version 12.00
# Visual Studio Version 17
VisualStudioVersion = 17.6.33829.357
MinimumVisualStudioVersion = 10.0.40219.1
Project("{FAE04EC0-301F-11D3-BF4B-00C04F79EFBC}") = "TrackerLibrary", "TrackerLibrary\TrackerLibrary.csproj", "{FD49214A-6712-4DB9-8D94-2E962BE490C1}"
EndProject
Project("{FAE04EC0-301F-11D3-BF4B-00C04F79EFBC}") = "TrackerUI", "TrackerUI\TrackerUI.csproj", "{33C81180-3975-420A-B324-7371018CB747}"
EndProject
Global
	GlobalSection(SolutionConfigurationPlatforms) = preSolution
		Debug|Any CPU = Debug|Any CPU
		Release|Any CPU = Release|Any CPU
	EndGlobalSection
	GlobalSection(ProjectConfigurationPlatforms) = postSolution
		{FD49214A-6712-4DB9-8D94-2E962BE490C1}.Debug|Any CPU.ActiveCfg = Debug|Any CPU
		{FD49214A-6712-4DB9-8D94-2E962BE490C1}.Debug|Any CPU.Build.0 = Debug|Any CPU
		{FD49214A-6712-4DB9-8D94-2E962BE490C1}.Release|Any CPU.ActiveCfg = Release|Any CPU
		{FD49214A-6712-4DB9-8D94-2E962BE490C1}.Release|Any CPU.Build.0 = Release|Any CPU
		{33C81180-3975-420A-B324-7371018CB747}.Debug|Any CPU.ActiveCfg = Debug|Any CPU
		{33C81180-3975-420A-B324-7371018CB747}.Debug|Any CPU.Build.0 = Debug|Any CPU
		{33C81180-3975-420A-B324-7371018CB747}.Release|Any CPU.ActiveCfg = Release|Any CPU
		{33C81180-3975-420A-B324-7371018CB747}.Release|Any CPU.Build.0 = Release|Any CPU
	EndGlobalSection
	GlobalSection(SolutionProperties) = preSolution
		HideSolutionNode = FALSE
	EndGlobalSection
	GlobalSection(ExtensibilityGlobals) = postSolution
		SolutionGuid = {B5484EC8-60BA-405D-A578-BAC2ACE6417B}
	EndGlobalSection
EndGlobal
